
Microsoft Visual Studio Solution File, Format Version 12.00
# Visual Studio 2012
Project("{2150E333-8FDC-42A3-9474-1A3956D46DE8}") = ".nuget", ".nuget", "{0DB4FBF3-A432-4935-9272-901135672554}"
	ProjectSection(SolutionItems) = preProject
		.nuget\NuGet.Config = .nuget\NuGet.Config
		.nuget\NuGet.exe = .nuget\NuGet.exe
		.nuget\NuGet.targets = .nuget\NuGet.targets
	EndProjectSection
EndProject
Project("{FAE04EC0-301F-11D3-BF4B-00C04F79EFBC}") = "CallWall.Web.LinkedInProvider", "src\CallWall.Web.LinkedInProvider\CallWall.Web.LinkedInProvider.csproj", "{00269FFF-9346-4A9C-BEF7-113E311313CC}"
EndProject
Global
	GlobalSection(SolutionConfigurationPlatforms) = preSolution
		Debug|Any CPU = Debug|Any CPU
		Release|Any CPU = Release|Any CPU
	EndGlobalSection
	GlobalSection(ProjectConfigurationPlatforms) = postSolution
		{00269FFF-9346-4A9C-BEF7-113E311313CC}.Debug|Any CPU.ActiveCfg = Debug|Any CPU
		{00269FFF-9346-4A9C-BEF7-113E311313CC}.Debug|Any CPU.Build.0 = Debug|Any CPU
		{00269FFF-9346-4A9C-BEF7-113E311313CC}.Release|Any CPU.ActiveCfg = Release|Any CPU
		{00269FFF-9346-4A9C-BEF7-113E311313CC}.Release|Any CPU.Build.0 = Release|Any CPU
	EndGlobalSection
	GlobalSection(SolutionProperties) = preSolution
		HideSolutionNode = FALSE
	EndGlobalSection
EndGlobal
